
Microsoft Visual Studio Solution File, Format Version 12.00
# Visual Studio Version 17
VisualStudioVersion = 17.5.33414.496
MinimumVisualStudioVersion = 10.0.40219.1
Project("{FAE04EC0-301F-11D3-BF4B-00C04F79EFBC}") = "PasswordGenerator", "PasswordGenerator\PasswordGenerator.csproj", "{32417672-BE0C-4028-8F13-E58514F6D0EC}"
EndProject
Global
	GlobalSection(SolutionConfigurationPlatforms) = preSolution
		Debug|Any CPU = Debug|Any CPU
		Release|Any CPU = Release|Any CPU
	EndGlobalSection
	GlobalSection(ProjectConfigurationPlatforms) = postSolution
		{32417672-BE0C-4028-8F13-E58514F6D0EC}.Debug|Any CPU.ActiveCfg = Debug|Any CPU
		{32417672-BE0C-4028-8F13-E58514F6D0EC}.Debug|Any CPU.Build.0 = Debug|Any CPU
		{32417672-BE0C-4028-8F13-E58514F6D0EC}.Release|Any CPU.ActiveCfg = Release|Any CPU
		{32417672-BE0C-4028-8F13-E58514F6D0EC}.Release|Any CPU.Build.0 = Release|Any CPU
	EndGlobalSection
	GlobalSection(SolutionProperties) = preSolution
		HideSolutionNode = FALSE
	EndGlobalSection
	GlobalSection(ExtensibilityGlobals) = postSolution
		SolutionGuid = {1574B1CD-F76F-47F4-9155-090CFA4054C4}
	EndGlobalSection
EndGlobal
